
Microsoft Visual Studio Solution File, Format Version 12.00
# Visual Studio 15
Project("{FAE04EC0-301F-11D3-BF4B-00C04F79EFBC}") = "GalleryStoreManager", "GalleryStoreManager\GalleryStoreManager.csproj", "{99F56C76-6782-44A6-83FA-7DA1ECD747E5}"
EndProject
Project("{FAE04EC0-301F-11D3-BF4B-00C04F79EFBC}") = "FilesTooling", "FilesTooling\FilesTooling.csproj", "{2F454C44-0C0A-4021-8E32-AACB3B844E09}"
EndProject
Project("{FAE04EC0-301F-11D3-BF4B-00C04F79EFBC}") = "GalleryStoreManagerTests", "GalleryStoreManagerTests\GalleryStoreManagerTests.csproj", "{13F34EDF-CAC8-4019-9DC4-E0B8D1C1620C}"
EndProject
Project("{FAE04EC0-301F-11D3-BF4B-00C04F79EFBC}") = "EnginesRepo", "EnginesRepo\EnginesRepo.csproj", "{F942360E-E000-4626-9D24-50E218AA8E7B}"
EndProject
Project("{FAE04EC0-301F-11D3-BF4B-00C04F79EFBC}") = "ModelsRepo", "ModelsRepo\ModelsRepo.csproj", "{091C3E9E-BA65-4F95-A79C-02A95A54482D}"
EndProject
Project("{FAE04EC0-301F-11D3-BF4B-00C04F79EFBC}") = "GalleryStoreManagerDotNetStandard", "GalleryStoreManagerDotNetStandard\GalleryStoreManagerDotNetStandard.csproj", "{94A8F60F-A78E-4E59-B59C-DAB1EA45890D}"
EndProject
Global
	GlobalSection(SolutionConfigurationPlatforms) = preSolution
		Debug|x86 = Debug|x86
		Release|x86 = Release|x86
	EndGlobalSection
	GlobalSection(ProjectConfigurationPlatforms) = postSolution
		{99F56C76-6782-44A6-83FA-7DA1ECD747E5}.Debug|x86.ActiveCfg = Debug|x86
		{99F56C76-6782-44A6-83FA-7DA1ECD747E5}.Debug|x86.Build.0 = Debug|x86
		{99F56C76-6782-44A6-83FA-7DA1ECD747E5}.Release|x86.ActiveCfg = Release|x86
		{99F56C76-6782-44A6-83FA-7DA1ECD747E5}.Release|x86.Build.0 = Release|x86
		{2F454C44-0C0A-4021-8E32-AACB3B844E09}.Debug|x86.ActiveCfg = Debug|Any CPU
		{2F454C44-0C0A-4021-8E32-AACB3B844E09}.Debug|x86.Build.0 = Debug|Any CPU
		{2F454C44-0C0A-4021-8E32-AACB3B844E09}.Release|x86.ActiveCfg = Release|Any CPU
		{2F454C44-0C0A-4021-8E32-AACB3B844E09}.Release|x86.Build.0 = Release|Any CPU
		{13F34EDF-CAC8-4019-9DC4-E0B8D1C1620C}.Debug|x86.ActiveCfg = Debug|Any CPU
		{13F34EDF-CAC8-4019-9DC4-E0B8D1C1620C}.Debug|x86.Build.0 = Debug|Any CPU
		{13F34EDF-CAC8-4019-9DC4-E0B8D1C1620C}.Release|x86.ActiveCfg = Release|Any CPU
		{13F34EDF-CAC8-4019-9DC4-E0B8D1C1620C}.Release|x86.Build.0 = Release|Any CPU
		{F942360E-E000-4626-9D24-50E218AA8E7B}.Debug|x86.ActiveCfg = Debug|Any CPU
		{F942360E-E000-4626-9D24-50E218AA8E7B}.Debug|x86.Build.0 = Debug|Any CPU
		{F942360E-E000-4626-9D24-50E218AA8E7B}.Release|x86.ActiveCfg = Release|Any CPU
		{F942360E-E000-4626-9D24-50E218AA8E7B}.Release|x86.Build.0 = Release|Any CPU
		{091C3E9E-BA65-4F95-A79C-02A95A54482D}.Debug|x86.ActiveCfg = Debug|Any CPU
		{091C3E9E-BA65-4F95-A79C-02A95A54482D}.Debug|x86.Build.0 = Debug|Any CPU
		{091C3E9E-BA65-4F95-A79C-02A95A54482D}.Release|x86.ActiveCfg = Release|Any CPU
		{091C3E9E-BA65-4F95-A79C-02A95A54482D}.Release|x86.Build.0 = Release|Any CPU
		{94A8F60F-A78E-4E59-B59C-DAB1EA45890D}.Debug|x86.ActiveCfg = Debug|Any CPU
		{94A8F60F-A78E-4E59-B59C-DAB1EA45890D}.Debug|x86.Build.0 = Debug|Any CPU
		{94A8F60F-A78E-4E59-B59C-DAB1EA45890D}.Release|x86.ActiveCfg = Release|Any CPU
		{94A8F60F-A78E-4E59-B59C-DAB1EA45890D}.Release|x86.Build.0 = Release|Any CPU
	EndGlobalSection
EndGlobal
